
Microsoft Visual Studio Solution File, Format Version 12.00
# Visual Studio Version 16
VisualStudioVersion = 16.0.31624.102
MinimumVisualStudioVersion = 10.0.40219.1
Project("{FAE04EC0-301F-11D3-BF4B-00C04F79EFBC}") = "testapi2", "testapi2\testapi2.csproj", "{90098273-F905-4CDD-A612-ECC6F2B8C7F5}"
EndProject
Global
	GlobalSection(SolutionConfigurationPlatforms) = preSolution
		Debug|Any CPU = Debug|Any CPU
		Release|Any CPU = Release|Any CPU
	EndGlobalSection
	GlobalSection(ProjectConfigurationPlatforms) = postSolution
		{90098273-F905-4CDD-A612-ECC6F2B8C7F5}.Debug|Any CPU.ActiveCfg = Debug|Any CPU
		{90098273-F905-4CDD-A612-ECC6F2B8C7F5}.Debug|Any CPU.Build.0 = Debug|Any CPU
		{90098273-F905-4CDD-A612-ECC6F2B8C7F5}.Release|Any CPU.ActiveCfg = Release|Any CPU
		{90098273-F905-4CDD-A612-ECC6F2B8C7F5}.Release|Any CPU.Build.0 = Release|Any CPU
	EndGlobalSection
	GlobalSection(SolutionProperties) = preSolution
		HideSolutionNode = FALSE
	EndGlobalSection
	GlobalSection(ExtensibilityGlobals) = postSolution
		SolutionGuid = {C31FF54D-236E-4B57-A361-E5C9F7819A26}
	EndGlobalSection
EndGlobal
